{
  "originHash" : "93ab4272d5dd4281228ae8a9c825d78a1ad1bc97283ea322ad7896cda32fa400",
  "pins" : [
    {
      "identity" : "swift-secp256k1",
      "kind" : "remoteSourceControl",
      "location" : "https://github.com/DDE1989/swift-secp256k1.git",
      "state" : {
        "revision" : "0fc8a951dba7659035521021736574b6a5d70cc8",
        "version" : "0.21.1-xcode27"
      }
    }
  ],
  "version" : 3
}
